<?xml version="1.0" encoding="utf-8"?>
<Project ToolsVersion="4.0" xmlns="http://schemas.microsoft.com/developer/msbuild/2003">
  <ItemGroup>
    <Filter Include="Archivos de origen">
      <UniqueIdentifier>{4FC737F1-C7A5-4376-A066-2A32D752A2FF}</UniqueIdentifier>
      <Extensions>cpp;c;cc;cxx;def;odl;idl;hpj;bat;asm;asmx</Extensions>
    </Filter>
    <Filter Include="Archivos de encabezado">
      <UniqueIdentifier>{93995380-89BD-4b04-88EB-625FBE52EBFB}</UniqueIdentifier>
      <Extensions>h;hh;hpp;hxx;hm;inl;inc;ipp;xsd</Extensions>
    </Filter>
    <Filter Include="Archivos de recursos">
      <UniqueIdentifier>{67DA6AB6-F800-4c08-8B7A-83BB121AAD01}</UniqueIdentifier>
      <Extensions>rc;ico;cur;bmp;dlg;rc2;rct;bin;rgs;gif;jpg;jpeg;jpe;resx;tiff;tif;png;wav;mfcribbon-ms</Extensions>
    </Filter>
    <Filter Include="Archivos de origen\ALLEGRO">
      <UniqueIdentifier>{4ef5af75-085f-4895-95d5-bfadf0ded376}</UniqueIdentifier>
    </Filter>
    <Filter Include="Archivos de encabezado\ALLEGRO">
      <UniqueIdentifier>{2be97ee9-ac4e-4d74-b7a7-f2393ee7b0b2}</UniqueIdentifier>
    </Filter>
    <Filter Include="Archivos de encabezado\LOGICA">
      <UniqueIdentifier>{b30442d8-346b-49b4-ab13-593a580a1a07}</UniqueIdentifier>
    </Filter>
    <Filter Include="Archivos de origen\LOGICA">
      <UniqueIdentifier>{de7875cf-71bb-47f4-b027-d8811de7d448}</UniqueIdentifier>
    </Filter>
    <Filter Include="Archivos de origen\COMUNICACION">
      <UniqueIdentifier>{34199c58-87f9-489c-baba-4d022f523659}</UniqueIdentifier>
    </Filter>
    <Filter Include="Archivos de origen\FSM">
      <UniqueIdentifier>{2fc36f3d-6fbf-4112-a325-f52a68e5aa8c}</UniqueIdentifier>
    </Filter>
    <Filter Include="Archivos de encabezado\COMUNICACION">
      <UniqueIdentifier>{5d22bf3a-3bd5-4a61-bd2d-58be003ec82e}</UniqueIdentifier>
    </Filter>
    <Filter Include="Archivos de encabezado\FSM">
      <UniqueIdentifier>{7f147dad-f727-4993-b486-324e52eee8d4}</UniqueIdentifier>
    </Filter>
  </ItemGroup>
  <ItemGroup>
    <ClCompile Include="io.cpp">
      <Filter>Archivos de origen\ALLEGRO</Filter>
    </ClCompile>
    <ClCompile Include="AbstractBuilding.cpp">
      <Filter>Archivos de origen\LOGICA</Filter>
    </ClCompile>
    <ClCompile Include="AbstractToken.cpp">
      <Filter>Archivos de origen\LOGICA</Filter>
    </ClCompile>
    <ClCompile Include="Catan.cpp">
      <Filter>Archivos de origen\LOGICA</Filter>
    </ClCompile>
    <ClCompile Include="City.cpp">
      <Filter>Archivos de origen\LOGICA</Filter>
    </ClCompile>
    <ClCompile Include="Coordinates.cpp">
      <Filter>Archivos de origen\LOGICA</Filter>
    </ClCompile>
    <ClCompile Include="Dock.cpp">
      <Filter>Archivos de origen\LOGICA</Filter>
    </ClCompile>
    <ClCompile Include="errorC.cpp">
      <Filter>Archivos de origen\LOGICA</Filter>
    </ClCompile>
    <ClCompile Include="Island.cpp">
      <Filter>Archivos de origen\LOGICA</Filter>
    </ClCompile>
    <ClCompile Include="Map.cpp">
      <Filter>Archivos de origen\LOGICA</Filter>
    </ClCompile>
    <ClCompile Include="Player.cpp">
      <Filter>Archivos de origen\LOGICA</Filter>
    </ClCompile>
    <ClCompile Include="Road.cpp">
      <Filter>Archivos de origen\LOGICA</Filter>
    </ClCompile>
    <ClCompile Include="Robber.cpp">
      <Filter>Archivos de origen\LOGICA</Filter>
    </ClCompile>
    <ClCompile Include="Rules.cpp">
      <Filter>Archivos de origen\LOGICA</Filter>
    </ClCompile>
    <ClCompile Include="Town.cpp">
      <Filter>Archivos de origen\LOGICA</Filter>
    </ClCompile>
    <ClCompile Include="client.cpp">
      <Filter>Archivos de origen\COMUNICACION</Filter>
    </ClCompile>
    <ClCompile Include="server.cpp">
      <Filter>Archivos de origen\COMUNICACION</Filter>
    </ClCompile>
    <ClCompile Include="eventHandling.cpp">
      <Filter>Archivos de origen\FSM</Filter>
    </ClCompile>
    <ClCompile Include="FSMImplementation.cpp">
      <Filter>Archivos de origen\FSM</Filter>
    </ClCompile>
    <ClCompile Include="genericFSM.cpp">
      <Filter>Archivos de origen\FSM</Filter>
    </ClCompile>
    <ClCompile Include="simpleEventGenerator.cpp">
      <Filter>Archivos de origen\FSM</Filter>
    </ClCompile>
    <ClCompile Include="main.cpp">
      <Filter>Archivos de origen</Filter>
    </ClCompile>
    <ClCompile Include="Port.cpp">
      <Filter>Archivos de origen\LOGICA</Filter>
    </ClCompile>
    <ClCompile Include="eventGen.cpp">
      <Filter>Archivos de origen</Filter>
    </ClCompile>
    <ClCompile Include="comuGen.cpp">
      <Filter>Archivos de origen</Filter>
    </ClCompile>
  </ItemGroup>
  <ItemGroup>
    <ClInclude Include="io.h">
      <Filter>Archivos de encabezado\ALLEGRO</Filter>
    </ClInclude>
    <ClInclude Include="Catan.h">
      <Filter>Archivos de encabezado\LOGICA</Filter>
    </ClInclude>
    <ClInclude Include="City.h">
      <Filter>Archivos de encabezado\LOGICA</Filter>
    </ClInclude>
    <ClInclude Include="Coordinates.h">
      <Filter>Archivos de encabezado\LOGICA</Filter>
    </ClInclude>
    <ClInclude Include="Dock.h">
      <Filter>Archivos de encabezado\LOGICA</Filter>
    </ClInclude>
    <ClInclude Include="errorC.h">
      <Filter>Archivos de encabezado\LOGICA</Filter>
    </ClInclude>
    <ClInclude Include="Island.h">
      <Filter>Archivos de encabezado\LOGICA</Filter>
    </ClInclude>
    <ClInclude Include="Map.h">
      <Filter>Archivos de encabezado\LOGICA</Filter>
    </ClInclude>
    <ClInclude Include="Player.h">
      <Filter>Archivos de encabezado\LOGICA</Filter>
    </ClInclude>
    <ClInclude Include="Road.h">
      <Filter>Archivos de encabezado\LOGICA</Filter>
    </ClInclude>
    <ClInclude Include="Robber.h">
      <Filter>Archivos de encabezado\LOGICA</Filter>
    </ClInclude>
    <ClInclude Include="Rules.h">
      <Filter>Archivos de encabezado\LOGICA</Filter>
    </ClInclude>
    <ClInclude Include="Town.h">
      <Filter>Archivos de encabezado\LOGICA</Filter>
    </ClInclude>
    <ClInclude Include="client.h">
      <Filter>Archivos de encabezado\COMUNICACION</Filter>
    </ClInclude>
    <ClInclude Include="controller.h">
      <Filter>Archivos de encabezado\COMUNICACION</Filter>
    </ClInclude>
    <ClInclude Include="server.h">
      <Filter>Archivos de encabezado\COMUNICACION</Filter>
    </ClInclude>
    <ClInclude Include="eventHandling.h">
      <Filter>Archivos de encabezado\FSM</Filter>
    </ClInclude>
    <ClInclude Include="FSMImplementation.h">
      <Filter>Archivos de encabezado\FSM</Filter>
    </ClInclude>
    <ClInclude Include="genericFSM.h">
      <Filter>Archivos de encabezado\FSM</Filter>
    </ClInclude>
    <ClInclude Include="simpleEventGenerator.h">
      <Filter>Archivos de encabezado\FSM</Filter>
    </ClInclude>
    <ClInclude Include="AbstractBuilding.h">
      <Filter>Archivos de encabezado\LOGICA</Filter>
    </ClInclude>
    <ClInclude Include="AbstractToken.h">
      <Filter>Archivos de encabezado\LOGICA</Filter>
    </ClInclude>
    <ClInclude Include="auxiliar.h">
      <Filter>Archivos de encabezado</Filter>
    </ClInclude>
    <ClInclude Include="defines.h">
      <Filter>Archivos de encabezado</Filter>
    </ClInclude>
    <ClInclude Include="Resources.h">
      <Filter>Archivos de encabezado\LOGICA</Filter>
    </ClInclude>
    <ClInclude Include="Port.h">
      <Filter>Archivos de encabezado\LOGICA</Filter>
    </ClInclude>
    <ClInclude Include="eventGen.h">
      <Filter>Archivos de encabezado</Filter>
    </ClInclude>
    <ClInclude Include="comuGen.h">
      <Filter>Archivos de encabezado</Filter>
    </ClInclude>
    <ClInclude Include="evtypes.h">
      <Filter>Archivos de encabezado</Filter>
    </ClInclude>
  </ItemGroup>
  <ItemGroup>
    <None Include="packages.config" />
  </ItemGroup>
</Project>